
Microsoft Visual Studio Solution File, Format Version 12.00
# Visual Studio Version 16
VisualStudioVersion = 16.0.29215.179
MinimumVisualStudioVersion = 10.0.40219.1
Project("{FAE04EC0-301F-11D3-BF4B-00C04F79EFBC}") = "LamdaExpressionsFinal", "LamdaExpressionsFinal\LamdaExpressionsFinal.csproj", "{4ED8F441-7B8D-4F27-8D7C-82825073E5DF}"
EndProject
Global
	GlobalSection(SolutionConfigurationPlatforms) = preSolution
		Debug|Any CPU = Debug|Any CPU
		Release|Any CPU = Release|Any CPU
	EndGlobalSection
	GlobalSection(ProjectConfigurationPlatforms) = postSolution
		{4ED8F441-7B8D-4F27-8D7C-82825073E5DF}.Debug|Any CPU.ActiveCfg = Debug|Any CPU
		{4ED8F441-7B8D-4F27-8D7C-82825073E5DF}.Debug|Any CPU.Build.0 = Debug|Any CPU
		{4ED8F441-7B8D-4F27-8D7C-82825073E5DF}.Release|Any CPU.ActiveCfg = Release|Any CPU
		{4ED8F441-7B8D-4F27-8D7C-82825073E5DF}.Release|Any CPU.Build.0 = Release|Any CPU
	EndGlobalSection
	GlobalSection(SolutionProperties) = preSolution
		HideSolutionNode = FALSE
	EndGlobalSection
	GlobalSection(ExtensibilityGlobals) = postSolution
		SolutionGuid = {6F660CCD-B9CD-4BDE-B750-47F23B3F2C3D}
	EndGlobalSection
EndGlobal
